
Microsoft Visual Studio Solution File, Format Version 12.00
# Visual Studio 15
VisualStudioVersion = 15.0.28010.2041
MinimumVisualStudioVersion = 10.0.40219.1
Project("{FAE04EC0-301F-11D3-BF4B-00C04F79EFBC}") = "Ultimate Analysis Application", "Ultimate Analysis Application\Ultimate Analysis Application.csproj", "{92D72947-53F8-485A-AECA-D025F70675BC}"
EndProject
Global
	GlobalSection(SolutionConfigurationPlatforms) = preSolution
		Debug|Any CPU = Debug|Any CPU
		Release|Any CPU = Release|Any CPU
	EndGlobalSection
	GlobalSection(ProjectConfigurationPlatforms) = postSolution
		{92D72947-53F8-485A-AECA-D025F70675BC}.Debug|Any CPU.ActiveCfg = Debug|Any CPU
		{92D72947-53F8-485A-AECA-D025F70675BC}.Debug|Any CPU.Build.0 = Debug|Any CPU
		{92D72947-53F8-485A-AECA-D025F70675BC}.Release|Any CPU.ActiveCfg = Release|Any CPU
		{92D72947-53F8-485A-AECA-D025F70675BC}.Release|Any CPU.Build.0 = Release|Any CPU
	EndGlobalSection
	GlobalSection(SolutionProperties) = preSolution
		HideSolutionNode = FALSE
	EndGlobalSection
	GlobalSection(ExtensibilityGlobals) = postSolution
		SolutionGuid = {D6B0B1BC-4010-4F1C-8D60-F5AF298A3F16}
	EndGlobalSection
EndGlobal
